
Microsoft Visual Studio Solution File, Format Version 12.00
# Visual Studio 15
Project("{FAE04EC0-301F-11D3-BF4B-00C04F79EFBC}") = "Assembly-CSharp", "Assembly-CSharp.csproj", "{375783F8-8324-B718-F07B-CEF762770189}"
EndProject
Project("{FAE04EC0-301F-11D3-BF4B-00C04F79EFBC}") = "Elringus.UnityGoogleDrive.Runtime", "Elringus.UnityGoogleDrive.Runtime.csproj", "{B193A060-5B2D-82B4-D280-8CACE90DDD65}"
EndProject
Project("{FAE04EC0-301F-11D3-BF4B-00C04F79EFBC}") = "Elringus.UnityGoogleDrive.Editor", "Elringus.UnityGoogleDrive.Editor.csproj", "{9E3F3E4B-06AD-D8F1-4974-1882475A37B0}"
EndProject
Global
	GlobalSection(SolutionConfigurationPlatforms) = preSolution
		Debug|Any CPU = Debug|Any CPU
		Release|Any CPU = Release|Any CPU
	EndGlobalSection
	GlobalSection(ProjectConfigurationPlatforms) = postSolution
		{375783F8-8324-B718-F07B-CEF762770189}.Debug|Any CPU.ActiveCfg = Debug|Any CPU
		{375783F8-8324-B718-F07B-CEF762770189}.Debug|Any CPU.Build.0 = Debug|Any CPU
		{375783F8-8324-B718-F07B-CEF762770189}.Release|Any CPU.ActiveCfg = Release|Any CPU
		{375783F8-8324-B718-F07B-CEF762770189}.Release|Any CPU.Build.0 = Release|Any CPU
		{B193A060-5B2D-82B4-D280-8CACE90DDD65}.Debug|Any CPU.ActiveCfg = Debug|Any CPU
		{B193A060-5B2D-82B4-D280-8CACE90DDD65}.Debug|Any CPU.Build.0 = Debug|Any CPU
		{B193A060-5B2D-82B4-D280-8CACE90DDD65}.Release|Any CPU.ActiveCfg = Release|Any CPU
		{B193A060-5B2D-82B4-D280-8CACE90DDD65}.Release|Any CPU.Build.0 = Release|Any CPU
		{9E3F3E4B-06AD-D8F1-4974-1882475A37B0}.Debug|Any CPU.ActiveCfg = Debug|Any CPU
		{9E3F3E4B-06AD-D8F1-4974-1882475A37B0}.Debug|Any CPU.Build.0 = Debug|Any CPU
		{9E3F3E4B-06AD-D8F1-4974-1882475A37B0}.Release|Any CPU.ActiveCfg = Release|Any CPU
		{9E3F3E4B-06AD-D8F1-4974-1882475A37B0}.Release|Any CPU.Build.0 = Release|Any CPU
	EndGlobalSection
	GlobalSection(SolutionProperties) = preSolution
		HideSolutionNode = FALSE
	EndGlobalSection
EndGlobal
