
Microsoft Visual Studio Solution File, Format Version 12.00
# Visual Studio 15
Project("{FAE04EC0-301F-11D3-BF4B-00C04F79EFBC}") = "Assembly-CSharp", "Assembly-CSharp.csproj", "{74DA15CE-9D52-E147-FE87-346B8CA768DC}"
EndProject
Project("{FAE04EC0-301F-11D3-BF4B-00C04F79EFBC}") = "Elringus.UnityGoogleDrive.Runtime", "Elringus.UnityGoogleDrive.Runtime.csproj", "{2708DEEA-F233-D20C-33FD-02B497B26D75}"
EndProject
Project("{FAE04EC0-301F-11D3-BF4B-00C04F79EFBC}") = "Elringus.UnityGoogleDrive.Editor", "Elringus.UnityGoogleDrive.Editor.csproj", "{F48BB503-4B6C-5A15-9B94-0D6BB2433951}"
EndProject
Global
	GlobalSection(SolutionConfigurationPlatforms) = preSolution
		Debug|Any CPU = Debug|Any CPU
		Release|Any CPU = Release|Any CPU
	EndGlobalSection
	GlobalSection(ProjectConfigurationPlatforms) = postSolution
		{74DA15CE-9D52-E147-FE87-346B8CA768DC}.Debug|Any CPU.ActiveCfg = Debug|Any CPU
		{74DA15CE-9D52-E147-FE87-346B8CA768DC}.Debug|Any CPU.Build.0 = Debug|Any CPU
		{74DA15CE-9D52-E147-FE87-346B8CA768DC}.Release|Any CPU.ActiveCfg = Release|Any CPU
		{74DA15CE-9D52-E147-FE87-346B8CA768DC}.Release|Any CPU.Build.0 = Release|Any CPU
		{2708DEEA-F233-D20C-33FD-02B497B26D75}.Debug|Any CPU.ActiveCfg = Debug|Any CPU
		{2708DEEA-F233-D20C-33FD-02B497B26D75}.Debug|Any CPU.Build.0 = Debug|Any CPU
		{2708DEEA-F233-D20C-33FD-02B497B26D75}.Release|Any CPU.ActiveCfg = Release|Any CPU
		{2708DEEA-F233-D20C-33FD-02B497B26D75}.Release|Any CPU.Build.0 = Release|Any CPU
		{F48BB503-4B6C-5A15-9B94-0D6BB2433951}.Debug|Any CPU.ActiveCfg = Debug|Any CPU
		{F48BB503-4B6C-5A15-9B94-0D6BB2433951}.Debug|Any CPU.Build.0 = Debug|Any CPU
		{F48BB503-4B6C-5A15-9B94-0D6BB2433951}.Release|Any CPU.ActiveCfg = Release|Any CPU
		{F48BB503-4B6C-5A15-9B94-0D6BB2433951}.Release|Any CPU.Build.0 = Release|Any CPU
	EndGlobalSection
	GlobalSection(SolutionProperties) = preSolution
		HideSolutionNode = FALSE
	EndGlobalSection
EndGlobal
